
Microsoft Visual Studio Solution File, Format Version 12.00
# Visual Studio 15
VisualStudioVersion = 15.0.27703.2018
MinimumVisualStudioVersion = 10.0.40219.1
Project("{FAE04EC0-301F-11D3-BF4B-00C04F79EFBC}") = "AppRepublicana.Android", "AppRepublicana\AppRepublicana.Android\AppRepublicana.Android.csproj", "{791B18B3-C8EA-44E9-8F4C-87F1F188F4F0}"
EndProject
Project("{FAE04EC0-301F-11D3-BF4B-00C04F79EFBC}") = "AppRepublicana.iOS", "AppRepublicana\AppRepublicana.iOS\AppRepublicana.iOS.csproj", "{0B2D44C6-067F-40CD-BA7F-E5CD071F1853}"
EndProject
Project("{FAE04EC0-301F-11D3-BF4B-00C04F79EFBC}") = "AppRepublicana.UWP", "AppRepublicana\AppRepublicana.UWP\AppRepublicana.UWP.csproj", "{6893C8D2-7837-4CF4-919C-2E10A62C0757}"
EndProject
Project("{FAE04EC0-301F-11D3-BF4B-00C04F79EFBC}") = "AppRepublicana", "AppRepublicana\AppRepublicana\AppRepublicana.csproj", "{3D54992F-E337-445D-9B54-D6162D605211}"
EndProject
Global
	GlobalSection(SolutionConfigurationPlatforms) = preSolution
		Ad-Hoc|Any CPU = Ad-Hoc|Any CPU
		Ad-Hoc|ARM = Ad-Hoc|ARM
		Ad-Hoc|iPhone = Ad-Hoc|iPhone
		Ad-Hoc|iPhoneSimulator = Ad-Hoc|iPhoneSimulator
		Ad-Hoc|x64 = Ad-Hoc|x64
		Ad-Hoc|x86 = Ad-Hoc|x86
		AppStore|Any CPU = AppStore|Any CPU
		AppStore|ARM = AppStore|ARM
		AppStore|iPhone = AppStore|iPhone
		AppStore|iPhoneSimulator = AppStore|iPhoneSimulator
		AppStore|x64 = AppStore|x64
		AppStore|x86 = AppStore|x86
		Debug|Any CPU = Debug|Any CPU
		Debug|ARM = Debug|ARM
		Debug|iPhone = Debug|iPhone
		Debug|iPhoneSimulator = Debug|iPhoneSimulator
		Debug|x64 = Debug|x64
		Debug|x86 = Debug|x86
		Release|Any CPU = Release|Any CPU
		Release|ARM = Release|ARM
		Release|iPhone = Release|iPhone
		Release|iPhoneSimulator = Release|iPhoneSimulator
		Release|x64 = Release|x64
		Release|x86 = Release|x86
	EndGlobalSection
	GlobalSection(ProjectConfigurationPlatforms) = postSolution
		{791B18B3-C8EA-44E9-8F4C-87F1F188F4F0}.Ad-Hoc|Any CPU.ActiveCfg = Release|Any CPU
		{791B18B3-C8EA-44E9-8F4C-87F1F188F4F0}.Ad-Hoc|Any CPU.Build.0 = Release|Any CPU
		{791B18B3-C8EA-44E9-8F4C-87F1F188F4F0}.Ad-Hoc|Any CPU.Deploy.0 = Release|Any CPU
		{791B18B3-C8EA-44E9-8F4C-87F1F188F4F0}.Ad-Hoc|ARM.ActiveCfg = Release|Any CPU
		{791B18B3-C8EA-44E9-8F4C-87F1F188F4F0}.Ad-Hoc|ARM.Build.0 = Release|Any CPU
		{791B18B3-C8EA-44E9-8F4C-87F1F188F4F0}.Ad-Hoc|ARM.Deploy.0 = Release|Any CPU
		{791B18B3-C8EA-44E9-8F4C-87F1F188F4F0}.Ad-Hoc|iPhone.ActiveCfg = Release|Any CPU
		{791B18B3-C8EA-44E9-8F4C-87F1F188F4F0}.Ad-Hoc|iPhone.Build.0 = Release|Any CPU
		{791B18B3-C8EA-44E9-8F4C-87F1F188F4F0}.Ad-Hoc|iPhone.Deploy.0 = Release|Any CPU
		{791B18B3-C8EA-44E9-8F4C-87F1F188F4F0}.Ad-Hoc|iPhoneSimulator.ActiveCfg = Release|Any CPU
		{791B18B3-C8EA-44E9-8F4C-87F1F188F4F0}.Ad-Hoc|iPhoneSimulator.Build.0 = Release|Any CPU
		{791B18B3-C8EA-44E9-8F4C-87F1F188F4F0}.Ad-Hoc|iPhoneSimulator.Deploy.0 = Release|Any CPU
		{791B18B3-C8EA-44E9-8F4C-87F1F188F4F0}.Ad-Hoc|x64.ActiveCfg = Release|Any CPU
		{791B18B3-C8EA-44E9-8F4C-87F1F188F4F0}.Ad-Hoc|x64.Build.0 = Release|Any CPU
		{791B18B3-C8EA-44E9-8F4C-87F1F188F4F0}.Ad-Hoc|x64.Deploy.0 = Release|Any CPU
		{791B18B3-C8EA-44E9-8F4C-87F1F188F4F0}.Ad-Hoc|x86.ActiveCfg = Release|Any CPU
		{791B18B3-C8EA-44E9-8F4C-87F1F188F4F0}.Ad-Hoc|x86.Build.0 = Release|Any CPU
		{791B18B3-C8EA-44E9-8F4C-87F1F188F4F0}.Ad-Hoc|x86.Deploy.0 = Release|Any CPU
		{791B18B3-C8EA-44E9-8F4C-87F1F188F4F0}.AppStore|Any CPU.ActiveCfg = Release|Any CPU
		{791B18B3-C8EA-44E9-8F4C-87F1F188F4F0}.AppStore|Any CPU.Build.0 = Release|Any CPU
		{791B18B3-C8EA-44E9-8F4C-87F1F188F4F0}.AppStore|Any CPU.Deploy.0 = Release|Any CPU
		{791B18B3-C8EA-44E9-8F4C-87F1F188F4F0}.AppStore|ARM.ActiveCfg = Release|Any CPU
		{791B18B3-C8EA-44E9-8F4C-87F1F188F4F0}.AppStore|ARM.Build.0 = Release|Any CPU
		{791B18B3-C8EA-44E9-8F4C-87F1F188F4F0}.AppStore|ARM.Deploy.0 = Release|Any CPU
		{791B18B3-C8EA-44E9-8F4C-87F1F188F4F0}.AppStore|iPhone.ActiveCfg = Release|Any CPU
		{791B18B3-C8EA-44E9-8F4C-87F1F188F4F0}.AppStore|iPhone.Build.0 = Release|Any CPU
		{791B18B3-C8EA-44E9-8F4C-87F1F188F4F0}.AppStore|iPhone.Deploy.0 = Release|Any CPU
		{791B18B3-C8EA-44E9-8F4C-87F1F188F4F0}.AppStore|iPhoneSimulator.ActiveCfg = Release|Any CPU
		{791B18B3-C8EA-44E9-8F4C-87F1F188F4F0}.AppStore|iPhoneSimulator.Build.0 = Release|Any CPU
		{791B18B3-C8EA-44E9-8F4C-87F1F188F4F0}.AppStore|iPhoneSimulator.Deploy.0 = Release|Any CPU
		{791B18B3-C8EA-44E9-8F4C-87F1F188F4F0}.AppStore|x64.ActiveCfg = Release|Any CPU
		{791B18B3-C8EA-44E9-8F4C-87F1F188F4F0}.AppStore|x64.Build.0 = Release|Any CPU
		{791B18B3-C8EA-44E9-8F4C-87F1F188F4F0}.AppStore|x64.Deploy.0 = Release|Any CPU
		{791B18B3-C8EA-44E9-8F4C-87F1F188F4F0}.AppStore|x86.ActiveCfg = Release|Any CPU
		{791B18B3-C8EA-44E9-8F4C-87F1F188F4F0}.AppStore|x86.Build.0 = Release|Any CPU
		{791B18B3-C8EA-44E9-8F4C-87F1F188F4F0}.AppStore|x86.Deploy.0 = Release|Any CPU
		{791B18B3-C8EA-44E9-8F4C-87F1F188F4F0}.Debug|Any CPU.ActiveCfg = Debug|Any CPU
		{791B18B3-C8EA-44E9-8F4C-87F1F188F4F0}.Debug|Any CPU.Build.0 = Debug|Any CPU
		{791B18B3-C8EA-44E9-8F4C-87F1F188F4F0}.Debug|Any CPU.Deploy.0 = Debug|Any CPU
		{791B18B3-C8EA-44E9-8F4C-87F1F188F4F0}.Debug|ARM.ActiveCfg = Debug|Any CPU
		{791B18B3-C8EA-44E9-8F4C-87F1F188F4F0}.Debug|ARM.Build.0 = Debug|Any CPU
		{791B18B3-C8EA-44E9-8F4C-87F1F188F4F0}.Debug|ARM.Deploy.0 = Debug|Any CPU
		{791B18B3-C8EA-44E9-8F4C-87F1F188F4F0}.Debug|iPhone.ActiveCfg = Debug|Any CPU
		{791B18B3-C8EA-44E9-8F4C-87F1F188F4F0}.Debug|iPhone.Build.0 = Debug|Any CPU
		{791B18B3-C8EA-44E9-8F4C-87F1F188F4F0}.Debug|iPhone.Deploy.0 = Debug|Any CPU
		{791B18B3-C8EA-44E9-8F4C-87F1F188F4F0}.Debug|iPhoneSimulator.ActiveCfg = Debug|Any CPU
		{791B18B3-C8EA-44E9-8F4C-87F1F188F4F0}.Debug|iPhoneSimulator.Build.0 = Debug|Any CPU
		{791B18B3-C8EA-44E9-8F4C-87F1F188F4F0}.Debug|iPhoneSimulator.Deploy.0 = Debug|Any CPU
		{791B18B3-C8EA-44E9-8F4C-87F1F188F4F0}.Debug|x64.ActiveCfg = Debug|Any CPU
		{791B18B3-C8EA-44E9-8F4C-87F1F188F4F0}.Debug|x64.Build.0 = Debug|Any CPU
		{791B18B3-C8EA-44E9-8F4C-87F1F188F4F0}.Debug|x64.Deploy.0 = Debug|Any CPU
		{791B18B3-C8EA-44E9-8F4C-87F1F188F4F0}.Debug|x86.ActiveCfg = Debug|Any CPU
		{791B18B3-C8EA-44E9-8F4C-87F1F188F4F0}.Debug|x86.Build.0 = Debug|Any CPU
		{791B18B3-C8EA-44E9-8F4C-87F1F188F4F0}.Debug|x86.Deploy.0 = Debug|Any CPU
		{791B18B3-C8EA-44E9-8F4C-87F1F188F4F0}.Release|Any CPU.ActiveCfg = Release|Any CPU
		{791B18B3-C8EA-44E9-8F4C-87F1F188F4F0}.Release|Any CPU.Build.0 = Release|Any CPU
		{791B18B3-C8EA-44E9-8F4C-87F1F188F4F0}.Release|Any CPU.Deploy.0 = Release|Any CPU
		{791B18B3-C8EA-44E9-8F4C-87F1F188F4F0}.Release|ARM.ActiveCfg = Release|Any CPU
		{791B18B3-C8EA-44E9-8F4C-87F1F188F4F0}.Release|ARM.Build.0 = Release|Any CPU
		{791B18B3-C8EA-44E9-8F4C-87F1F188F4F0}.Release|ARM.Deploy.0 = Release|Any CPU
		{791B18B3-C8EA-44E9-8F4C-87F1F188F4F0}.Release|iPhone.ActiveCfg = Release|Any CPU
		{791B18B3-C8EA-44E9-8F4C-87F1F188F4F0}.Release|iPhone.Build.0 = Release|Any CPU
		{791B18B3-C8EA-44E9-8F4C-87F1F188F4F0}.Release|iPhone.Deploy.0 = Release|Any CPU
		{791B18B3-C8EA-44E9-8F4C-87F1F188F4F0}.Release|iPhoneSimulator.ActiveCfg = Release|Any CPU
		{791B18B3-C8EA-44E9-8F4C-87F1F188F4F0}.Release|iPhoneSimulator.Build.0 = Release|Any CPU
		{791B18B3-C8EA-44E9-8F4C-87F1F188F4F0}.Release|iPhoneSimulator.Deploy.0 = Release|Any CPU
		{791B18B3-C8EA-44E9-8F4C-87F1F188F4F0}.Release|x64.ActiveCfg = Release|Any CPU
		{791B18B3-C8EA-44E9-8F4C-87F1F188F4F0}.Release|x64.Build.0 = Release|Any CPU
		{791B18B3-C8EA-44E9-8F4C-87F1F188F4F0}.Release|x64.Deploy.0 = Release|Any CPU
		{791B18B3-C8EA-44E9-8F4C-87F1F188F4F0}.Release|x86.ActiveCfg = Release|Any CPU
		{791B18B3-C8EA-44E9-8F4C-87F1F188F4F0}.Release|x86.Build.0 = Release|Any CPU
		{791B18B3-C8EA-44E9-8F4C-87F1F188F4F0}.Release|x86.Deploy.0 = Release|Any CPU
		{0B2D44C6-067F-40CD-BA7F-E5CD071F1853}.Ad-Hoc|Any CPU.ActiveCfg = Ad-Hoc|iPhone
		{0B2D44C6-067F-40CD-BA7F-E5CD071F1853}.Ad-Hoc|Any CPU.Build.0 = Ad-Hoc|iPhone
		{0B2D44C6-067F-40CD-BA7F-E5CD071F1853}.Ad-Hoc|Any CPU.Deploy.0 = Ad-Hoc|iPhone
		{0B2D44C6-067F-40CD-BA7F-E5CD071F1853}.Ad-Hoc|ARM.ActiveCfg = Ad-Hoc|iPhone
		{0B2D44C6-067F-40CD-BA7F-E5CD071F1853}.Ad-Hoc|ARM.Build.0 = Ad-Hoc|iPhone
		{0B2D44C6-067F-40CD-BA7F-E5CD071F1853}.Ad-Hoc|ARM.Deploy.0 = Ad-Hoc|iPhone
		{0B2D44C6-067F-40CD-BA7F-E5CD071F1853}.Ad-Hoc|iPhone.ActiveCfg = Ad-Hoc|iPhone
		{0B2D44C6-067F-40CD-BA7F-E5CD071F1853}.Ad-Hoc|iPhone.Build.0 = Ad-Hoc|iPhone
		{0B2D44C6-067F-40CD-BA7F-E5CD071F1853}.Ad-Hoc|iPhone.Deploy.0 = Ad-Hoc|iPhone
		{0B2D44C6-067F-40CD-BA7F-E5CD071F1853}.Ad-Hoc|iPhoneSimulator.ActiveCfg = Ad-Hoc|iPhoneSimulator
		{0B2D44C6-067F-40CD-BA7F-E5CD071F1853}.Ad-Hoc|iPhoneSimulator.Build.0 = Ad-Hoc|iPhoneSimulator
		{0B2D44C6-067F-40CD-BA7F-E5CD071F1853}.Ad-Hoc|iPhoneSimulator.Deploy.0 = Ad-Hoc|iPhoneSimulator
		{0B2D44C6-067F-40CD-BA7F-E5CD071F1853}.Ad-Hoc|x64.ActiveCfg = Ad-Hoc|iPhone
		{0B2D44C6-067F-40CD-BA7F-E5CD071F1853}.Ad-Hoc|x64.Build.0 = Ad-Hoc|iPhone
		{0B2D44C6-067F-40CD-BA7F-E5CD071F1853}.Ad-Hoc|x64.Deploy.0 = Ad-Hoc|iPhone
		{0B2D44C6-067F-40CD-BA7F-E5CD071F1853}.Ad-Hoc|x86.ActiveCfg = Ad-Hoc|iPhone
		{0B2D44C6-067F-40CD-BA7F-E5CD071F1853}.Ad-Hoc|x86.Build.0 = Ad-Hoc|iPhone
		{0B2D44C6-067F-40CD-BA7F-E5CD071F1853}.Ad-Hoc|x86.Deploy.0 = Ad-Hoc|iPhone
		{0B2D44C6-067F-40CD-BA7F-E5CD071F1853}.AppStore|Any CPU.ActiveCfg = AppStore|iPhone
		{0B2D44C6-067F-40CD-BA7F-E5CD071F1853}.AppStore|Any CPU.Build.0 = AppStore|iPhone
		{0B2D44C6-067F-40CD-BA7F-E5CD071F1853}.AppStore|Any CPU.Deploy.0 = AppStore|iPhone
		{0B2D44C6-067F-40CD-BA7F-E5CD071F1853}.AppStore|ARM.ActiveCfg = AppStore|iPhone
		{0B2D44C6-067F-40CD-BA7F-E5CD071F1853}.AppStore|ARM.Build.0 = AppStore|iPhone
		{0B2D44C6-067F-40CD-BA7F-E5CD071F1853}.AppStore|ARM.Deploy.0 = AppStore|iPhone
		{0B2D44C6-067F-40CD-BA7F-E5CD071F1853}.AppStore|iPhone.ActiveCfg = AppStore|iPhone
		{0B2D44C6-067F-40CD-BA7F-E5CD071F1853}.AppStore|iPhone.Build.0 = AppStore|iPhone
		{0B2D44C6-067F-40CD-BA7F-E5CD071F1853}.AppStore|iPhone.Deploy.0 = AppStore|iPhone
		{0B2D44C6-067F-40CD-BA7F-E5CD071F1853}.AppStore|iPhoneSimulator.ActiveCfg = AppStore|iPhoneSimulator
		{0B2D44C6-067F-40CD-BA7F-E5CD071F1853}.AppStore|iPhoneSimulator.Build.0 = AppStore|iPhoneSimulator
		{0B2D44C6-067F-40CD-BA7F-E5CD071F1853}.AppStore|iPhoneSimulator.Deploy.0 = AppStore|iPhoneSimulator
		{0B2D44C6-067F-40CD-BA7F-E5CD071F1853}.AppStore|x64.ActiveCfg = AppStore|iPhone
		{0B2D44C6-067F-40CD-BA7F-E5CD071F1853}.AppStore|x64.Build.0 = AppStore|iPhone
		{0B2D44C6-067F-40CD-BA7F-E5CD071F1853}.AppStore|x64.Deploy.0 = AppStore|iPhone
		{0B2D44C6-067F-40CD-BA7F-E5CD071F1853}.AppStore|x86.ActiveCfg = AppStore|iPhone
		{0B2D44C6-067F-40CD-BA7F-E5CD071F1853}.AppStore|x86.Build.0 = AppStore|iPhone
		{0B2D44C6-067F-40CD-BA7F-E5CD071F1853}.AppStore|x86.Deploy.0 = AppStore|iPhone
		{0B2D44C6-067F-40CD-BA7F-E5CD071F1853}.Debug|Any CPU.ActiveCfg = Debug|iPhoneSimulator
		{0B2D44C6-067F-40CD-BA7F-E5CD071F1853}.Debug|Any CPU.Build.0 = Debug|iPhoneSimulator
		{0B2D44C6-067F-40CD-BA7F-E5CD071F1853}.Debug|Any CPU.Deploy.0 = Debug|iPhoneSimulator
		{0B2D44C6-067F-40CD-BA7F-E5CD071F1853}.Debug|ARM.ActiveCfg = Debug|iPhone
		{0B2D44C6-067F-40CD-BA7F-E5CD071F1853}.Debug|ARM.Build.0 = Debug|iPhone
		{0B2D44C6-067F-40CD-BA7F-E5CD071F1853}.Debug|ARM.Deploy.0 = Debug|iPhone
		{0B2D44C6-067F-40CD-BA7F-E5CD071F1853}.Debug|iPhone.ActiveCfg = Debug|iPhone
		{0B2D44C6-067F-40CD-BA7F-E5CD071F1853}.Debug|iPhone.Build.0 = Debug|iPhone
		{0B2D44C6-067F-40CD-BA7F-E5CD071F1853}.Debug|iPhone.Deploy.0 = Debug|iPhone
		{0B2D44C6-067F-40CD-BA7F-E5CD071F1853}.Debug|iPhoneSimulator.ActiveCfg = Debug|iPhoneSimulator
		{0B2D44C6-067F-40CD-BA7F-E5CD071F1853}.Debug|iPhoneSimulator.Build.0 = Debug|iPhoneSimulator
		{0B2D44C6-067F-40CD-BA7F-E5CD071F1853}.Debug|iPhoneSimulator.Deploy.0 = Debug|iPhoneSimulator
		{0B2D44C6-067F-40CD-BA7F-E5CD071F1853}.Debug|x64.ActiveCfg = Debug|iPhone
		{0B2D44C6-067F-40CD-BA7F-E5CD071F1853}.Debug|x64.Build.0 = Debug|iPhone
		{0B2D44C6-067F-40CD-BA7F-E5CD071F1853}.Debug|x64.Deploy.0 = Debug|iPhone
		{0B2D44C6-067F-40CD-BA7F-E5CD071F1853}.Debug|x86.ActiveCfg = Debug|iPhone
		{0B2D44C6-067F-40CD-BA7F-E5CD071F1853}.Debug|x86.Build.0 = Debug|iPhone
		{0B2D44C6-067F-40CD-BA7F-E5CD071F1853}.Debug|x86.Deploy.0 = Debug|iPhone
		{0B2D44C6-067F-40CD-BA7F-E5CD071F1853}.Release|Any CPU.ActiveCfg = Release|iPhone
		{0B2D44C6-067F-40CD-BA7F-E5CD071F1853}.Release|Any CPU.Build.0 = Release|iPhone
		{0B2D44C6-067F-40CD-BA7F-E5CD071F1853}.Release|Any CPU.Deploy.0 = Release|iPhone
		{0B2D44C6-067F-40CD-BA7F-E5CD071F1853}.Release|ARM.ActiveCfg = Release|iPhone
		{0B2D44C6-067F-40CD-BA7F-E5CD071F1853}.Release|ARM.Build.0 = Release|iPhone
		{0B2D44C6-067F-40CD-BA7F-E5CD071F1853}.Release|ARM.Deploy.0 = Release|iPhone
		{0B2D44C6-067F-40CD-BA7F-E5CD071F1853}.Release|iPhone.ActiveCfg = Release|iPhone
		{0B2D44C6-067F-40CD-BA7F-E5CD071F1853}.Release|iPhone.Build.0 = Release|iPhone
		{0B2D44C6-067F-40CD-BA7F-E5CD071F1853}.Release|iPhone.Deploy.0 = Release|iPhone
		{0B2D44C6-067F-40CD-BA7F-E5CD071F1853}.Release|iPhoneSimulator.ActiveCfg = Release|iPhoneSimulator
		{0B2D44C6-067F-40CD-BA7F-E5CD071F1853}.Release|iPhoneSimulator.Build.0 = Release|iPhoneSimulator
		{0B2D44C6-067F-40CD-BA7F-E5CD071F1853}.Release|iPhoneSimulator.Deploy.0 = Release|iPhoneSimulator
		{0B2D44C6-067F-40CD-BA7F-E5CD071F1853}.Release|x64.ActiveCfg = Release|iPhone
		{0B2D44C6-067F-40CD-BA7F-E5CD071F1853}.Release|x64.Build.0 = Release|iPhone
		{0B2D44C6-067F-40CD-BA7F-E5CD071F1853}.Release|x64.Deploy.0 = Release|iPhone
		{0B2D44C6-067F-40CD-BA7F-E5CD071F1853}.Release|x86.ActiveCfg = Release|iPhone
		{0B2D44C6-067F-40CD-BA7F-E5CD071F1853}.Release|x86.Build.0 = Release|iPhone
		{0B2D44C6-067F-40CD-BA7F-E5CD071F1853}.Release|x86.Deploy.0 = Release|iPhone
		{6893C8D2-7837-4CF4-919C-2E10A62C0757}.Ad-Hoc|Any CPU.ActiveCfg = Release|x86
		{6893C8D2-7837-4CF4-919C-2E10A62C0757}.Ad-Hoc|Any CPU.Build.0 = Release|x86
		{6893C8D2-7837-4CF4-919C-2E10A62C0757}.Ad-Hoc|Any CPU.Deploy.0 = Release|x86
		{6893C8D2-7837-4CF4-919C-2E10A62C0757}.Ad-Hoc|ARM.ActiveCfg = Release|ARM
		{6893C8D2-7837-4CF4-919C-2E10A62C0757}.Ad-Hoc|ARM.Build.0 = Release|ARM
		{6893C8D2-7837-4CF4-919C-2E10A62C0757}.Ad-Hoc|ARM.Deploy.0 = Release|ARM
		{6893C8D2-7837-4CF4-919C-2E10A62C0757}.Ad-Hoc|iPhone.ActiveCfg = Release|x86
		{6893C8D2-7837-4CF4-919C-2E10A62C0757}.Ad-Hoc|iPhone.Build.0 = Release|x86
		{6893C8D2-7837-4CF4-919C-2E10A62C0757}.Ad-Hoc|iPhone.Deploy.0 = Release|x86
		{6893C8D2-7837-4CF4-919C-2E10A62C0757}.Ad-Hoc|iPhoneSimulator.ActiveCfg = Release|x86
		{6893C8D2-7837-4CF4-919C-2E10A62C0757}.Ad-Hoc|iPhoneSimulator.Build.0 = Release|x86
		{6893C8D2-7837-4CF4-919C-2E10A62C0757}.Ad-Hoc|iPhoneSimulator.Deploy.0 = Release|x86
		{6893C8D2-7837-4CF4-919C-2E10A62C0757}.Ad-Hoc|x64.ActiveCfg = Release|x64
		{6893C8D2-7837-4CF4-919C-2E10A62C0757}.Ad-Hoc|x64.Build.0 = Release|x64
		{6893C8D2-7837-4CF4-919C-2E10A62C0757}.Ad-Hoc|x64.Deploy.0 = Release|x64
		{6893C8D2-7837-4CF4-919C-2E10A62C0757}.Ad-Hoc|x86.ActiveCfg = Release|x86
		{6893C8D2-7837-4CF4-919C-2E10A62C0757}.Ad-Hoc|x86.Build.0 = Release|x86
		{6893C8D2-7837-4CF4-919C-2E10A62C0757}.Ad-Hoc|x86.Deploy.0 = Release|x86
		{6893C8D2-7837-4CF4-919C-2E10A62C0757}.AppStore|Any CPU.ActiveCfg = Release|x86
		{6893C8D2-7837-4CF4-919C-2E10A62C0757}.AppStore|Any CPU.Build.0 = Release|x86
		{6893C8D2-7837-4CF4-919C-2E10A62C0757}.AppStore|Any CPU.Deploy.0 = Release|x86
		{6893C8D2-7837-4CF4-919C-2E10A62C0757}.AppStore|ARM.ActiveCfg = Release|ARM
		{6893C8D2-7837-4CF4-919C-2E10A62C0757}.AppStore|ARM.Build.0 = Release|ARM
		{6893C8D2-7837-4CF4-919C-2E10A62C0757}.AppStore|ARM.Deploy.0 = Release|ARM
		{6893C8D2-7837-4CF4-919C-2E10A62C0757}.AppStore|iPhone.ActiveCfg = Release|x86
		{6893C8D2-7837-4CF4-919C-2E10A62C0757}.AppStore|iPhone.Build.0 = Release|x86
		{6893C8D2-7837-4CF4-919C-2E10A62C0757}.AppStore|iPhone.Deploy.0 = Release|x86
		{6893C8D2-7837-4CF4-919C-2E10A62C0757}.AppStore|iPhoneSimulator.ActiveCfg = Release|x86
		{6893C8D2-7837-4CF4-919C-2E10A62C0757}.AppStore|iPhoneSimulator.Build.0 = Release|x86
		{6893C8D2-7837-4CF4-919C-2E10A62C0757}.AppStore|iPhoneSimulator.Deploy.0 = Release|x86
		{6893C8D2-7837-4CF4-919C-2E10A62C0757}.AppStore|x64.ActiveCfg = Release|x64
		{6893C8D2-7837-4CF4-919C-2E10A62C0757}.AppStore|x64.Build.0 = Release|x64
		{6893C8D2-7837-4CF4-919C-2E10A62C0757}.AppStore|x64.Deploy.0 = Release|x64
		{6893C8D2-7837-4CF4-919C-2E10A62C0757}.AppStore|x86.ActiveCfg = Release|x86
		{6893C8D2-7837-4CF4-919C-2E10A62C0757}.AppStore|x86.Build.0 = Release|x86
		{6893C8D2-7837-4CF4-919C-2E10A62C0757}.AppStore|x86.Deploy.0 = Release|x86
		{6893C8D2-7837-4CF4-919C-2E10A62C0757}.Debug|Any CPU.ActiveCfg = Debug|x86
		{6893C8D2-7837-4CF4-919C-2E10A62C0757}.Debug|Any CPU.Build.0 = Debug|x86
		{6893C8D2-7837-4CF4-919C-2E10A62C0757}.Debug|Any CPU.Deploy.0 = Debug|x86
		{6893C8D2-7837-4CF4-919C-2E10A62C0757}.Debug|ARM.ActiveCfg = Debug|ARM
		{6893C8D2-7837-4CF4-919C-2E10A62C0757}.Debug|ARM.Build.0 = Debug|ARM
		{6893C8D2-7837-4CF4-919C-2E10A62C0757}.Debug|ARM.Deploy.0 = Debug|ARM
		{6893C8D2-7837-4CF4-919C-2E10A62C0757}.Debug|iPhone.ActiveCfg = Debug|x86
		{6893C8D2-7837-4CF4-919C-2E10A62C0757}.Debug|iPhone.Build.0 = Debug|x86
		{6893C8D2-7837-4CF4-919C-2E10A62C0757}.Debug|iPhone.Deploy.0 = Debug|x86
		{6893C8D2-7837-4CF4-919C-2E10A62C0757}.Debug|iPhoneSimulator.ActiveCfg = Debug|x86
		{6893C8D2-7837-4CF4-919C-2E10A62C0757}.Debug|iPhoneSimulator.Build.0 = Debug|x86
		{6893C8D2-7837-4CF4-919C-2E10A62C0757}.Debug|iPhoneSimulator.Deploy.0 = Debug|x86
		{6893C8D2-7837-4CF4-919C-2E10A62C0757}.Debug|x64.ActiveCfg = Debug|x64
		{6893C8D2-7837-4CF4-919C-2E10A62C0757}.Debug|x64.Build.0 = Debug|x64
		{6893C8D2-7837-4CF4-919C-2E10A62C0757}.Debug|x64.Deploy.0 = Debug|x64
		{6893C8D2-7837-4CF4-919C-2E10A62C0757}.Debug|x86.ActiveCfg = Debug|x86
		{6893C8D2-7837-4CF4-919C-2E10A62C0757}.Debug|x86.Build.0 = Debug|x86
		{6893C8D2-7837-4CF4-919C-2E10A62C0757}.Debug|x86.Deploy.0 = Debug|x86
		{6893C8D2-7837-4CF4-919C-2E10A62C0757}.Release|Any CPU.ActiveCfg = Release|x86
		{6893C8D2-7837-4CF4-919C-2E10A62C0757}.Release|Any CPU.Build.0 = Release|x86
		{6893C8D2-7837-4CF4-919C-2E10A62C0757}.Release|Any CPU.Deploy.0 = Release|x86
		{6893C8D2-7837-4CF4-919C-2E10A62C0757}.Release|ARM.ActiveCfg = Release|ARM
		{6893C8D2-7837-4CF4-919C-2E10A62C0757}.Release|ARM.Build.0 = Release|ARM
		{6893C8D2-7837-4CF4-919C-2E10A62C0757}.Release|ARM.Deploy.0 = Release|ARM
		{6893C8D2-7837-4CF4-919C-2E10A62C0757}.Release|iPhone.ActiveCfg = Release|x86
		{6893C8D2-7837-4CF4-919C-2E10A62C0757}.Release|iPhone.Build.0 = Release|x86
		{6893C8D2-7837-4CF4-919C-2E10A62C0757}.Release|iPhone.Deploy.0 = Release|x86
		{6893C8D2-7837-4CF4-919C-2E10A62C0757}.Release|iPhoneSimulator.ActiveCfg = Release|x86
		{6893C8D2-7837-4CF4-919C-2E10A62C0757}.Release|iPhoneSimulator.Build.0 = Release|x86
		{6893C8D2-7837-4CF4-919C-2E10A62C0757}.Release|iPhoneSimulator.Deploy.0 = Release|x86
		{6893C8D2-7837-4CF4-919C-2E10A62C0757}.Release|x64.ActiveCfg = Release|x64
		{6893C8D2-7837-4CF4-919C-2E10A62C0757}.Release|x64.Build.0 = Release|x64
		{6893C8D2-7837-4CF4-919C-2E10A62C0757}.Release|x64.Deploy.0 = Release|x64
		{6893C8D2-7837-4CF4-919C-2E10A62C0757}.Release|x86.ActiveCfg = Release|x86
		{6893C8D2-7837-4CF4-919C-2E10A62C0757}.Release|x86.Build.0 = Release|x86
		{6893C8D2-7837-4CF4-919C-2E10A62C0757}.Release|x86.Deploy.0 = Release|x86
		{3D54992F-E337-445D-9B54-D6162D605211}.Ad-Hoc|Any CPU.ActiveCfg = Debug|Any CPU
		{3D54992F-E337-445D-9B54-D6162D605211}.Ad-Hoc|Any CPU.Build.0 = Debug|Any CPU
		{3D54992F-E337-445D-9B54-D6162D605211}.Ad-Hoc|Any CPU.Deploy.0 = Debug|Any CPU
		{3D54992F-E337-445D-9B54-D6162D605211}.Ad-Hoc|ARM.ActiveCfg = Debug|Any CPU
		{3D54992F-E337-445D-9B54-D6162D605211}.Ad-Hoc|ARM.Build.0 = Debug|Any CPU
		{3D54992F-E337-445D-9B54-D6162D605211}.Ad-Hoc|ARM.Deploy.0 = Debug|Any CPU
		{3D54992F-E337-445D-9B54-D6162D605211}.Ad-Hoc|iPhone.ActiveCfg = Debug|Any CPU
		{3D54992F-E337-445D-9B54-D6162D605211}.Ad-Hoc|iPhone.Build.0 = Debug|Any CPU
		{3D54992F-E337-445D-9B54-D6162D605211}.Ad-Hoc|iPhone.Deploy.0 = Debug|Any CPU
		{3D54992F-E337-445D-9B54-D6162D605211}.Ad-Hoc|iPhoneSimulator.ActiveCfg = Debug|Any CPU
		{3D54992F-E337-445D-9B54-D6162D605211}.Ad-Hoc|iPhoneSimulator.Build.0 = Debug|Any CPU
		{3D54992F-E337-445D-9B54-D6162D605211}.Ad-Hoc|iPhoneSimulator.Deploy.0 = Debug|Any CPU
		{3D54992F-E337-445D-9B54-D6162D605211}.Ad-Hoc|x64.ActiveCfg = Debug|Any CPU
		{3D54992F-E337-445D-9B54-D6162D605211}.Ad-Hoc|x64.Build.0 = Debug|Any CPU
		{3D54992F-E337-445D-9B54-D6162D605211}.Ad-Hoc|x64.Deploy.0 = Debug|Any CPU
		{3D54992F-E337-445D-9B54-D6162D605211}.Ad-Hoc|x86.ActiveCfg = Debug|Any CPU
		{3D54992F-E337-445D-9B54-D6162D605211}.Ad-Hoc|x86.Build.0 = Debug|Any CPU
		{3D54992F-E337-445D-9B54-D6162D605211}.Ad-Hoc|x86.Deploy.0 = Debug|Any CPU
		{3D54992F-E337-445D-9B54-D6162D605211}.AppStore|Any CPU.ActiveCfg = Debug|Any CPU
		{3D54992F-E337-445D-9B54-D6162D605211}.AppStore|Any CPU.Build.0 = Debug|Any CPU
		{3D54992F-E337-445D-9B54-D6162D605211}.AppStore|Any CPU.Deploy.0 = Debug|Any CPU
		{3D54992F-E337-445D-9B54-D6162D605211}.AppStore|ARM.ActiveCfg = Debug|Any CPU
		{3D54992F-E337-445D-9B54-D6162D605211}.AppStore|ARM.Build.0 = Debug|Any CPU
		{3D54992F-E337-445D-9B54-D6162D605211}.AppStore|ARM.Deploy.0 = Debug|Any CPU
		{3D54992F-E337-445D-9B54-D6162D605211}.AppStore|iPhone.ActiveCfg = Debug|Any CPU
		{3D54992F-E337-445D-9B54-D6162D605211}.AppStore|iPhone.Build.0 = Debug|Any CPU
		{3D54992F-E337-445D-9B54-D6162D605211}.AppStore|iPhone.Deploy.0 = Debug|Any CPU
		{3D54992F-E337-445D-9B54-D6162D605211}.AppStore|iPhoneSimulator.ActiveCfg = Debug|Any CPU
		{3D54992F-E337-445D-9B54-D6162D605211}.AppStore|iPhoneSimulator.Build.0 = Debug|Any CPU
		{3D54992F-E337-445D-9B54-D6162D605211}.AppStore|iPhoneSimulator.Deploy.0 = Debug|Any CPU
		{3D54992F-E337-445D-9B54-D6162D605211}.AppStore|x64.ActiveCfg = Debug|Any CPU
		{3D54992F-E337-445D-9B54-D6162D605211}.AppStore|x64.Build.0 = Debug|Any CPU
		{3D54992F-E337-445D-9B54-D6162D605211}.AppStore|x64.Deploy.0 = Debug|Any CPU
		{3D54992F-E337-445D-9B54-D6162D605211}.AppStore|x86.ActiveCfg = Debug|Any CPU
		{3D54992F-E337-445D-9B54-D6162D605211}.AppStore|x86.Build.0 = Debug|Any CPU
		{3D54992F-E337-445D-9B54-D6162D605211}.AppStore|x86.Deploy.0 = Debug|Any CPU
		{3D54992F-E337-445D-9B54-D6162D605211}.Debug|Any CPU.ActiveCfg = Debug|Any CPU
		{3D54992F-E337-445D-9B54-D6162D605211}.Debug|Any CPU.Build.0 = Debug|Any CPU
		{3D54992F-E337-445D-9B54-D6162D605211}.Debug|Any CPU.Deploy.0 = Debug|Any CPU
		{3D54992F-E337-445D-9B54-D6162D605211}.Debug|ARM.ActiveCfg = Debug|Any CPU
		{3D54992F-E337-445D-9B54-D6162D605211}.Debug|ARM.Build.0 = Debug|Any CPU
		{3D54992F-E337-445D-9B54-D6162D605211}.Debug|ARM.Deploy.0 = Debug|Any CPU
		{3D54992F-E337-445D-9B54-D6162D605211}.Debug|iPhone.ActiveCfg = Debug|Any CPU
		{3D54992F-E337-445D-9B54-D6162D605211}.Debug|iPhone.Build.0 = Debug|Any CPU
		{3D54992F-E337-445D-9B54-D6162D605211}.Debug|iPhone.Deploy.0 = Debug|Any CPU
		{3D54992F-E337-445D-9B54-D6162D605211}.Debug|iPhoneSimulator.ActiveCfg = Debug|Any CPU
		{3D54992F-E337-445D-9B54-D6162D605211}.Debug|iPhoneSimulator.Build.0 = Debug|Any CPU
		{3D54992F-E337-445D-9B54-D6162D605211}.Debug|iPhoneSimulator.Deploy.0 = Debug|Any CPU
		{3D54992F-E337-445D-9B54-D6162D605211}.Debug|x64.ActiveCfg = Debug|Any CPU
		{3D54992F-E337-445D-9B54-D6162D605211}.Debug|x64.Build.0 = Debug|Any CPU
		{3D54992F-E337-445D-9B54-D6162D605211}.Debug|x64.Deploy.0 = Debug|Any CPU
		{3D54992F-E337-445D-9B54-D6162D605211}.Debug|x86.ActiveCfg = Debug|Any CPU
		{3D54992F-E337-445D-9B54-D6162D605211}.Debug|x86.Build.0 = Debug|Any CPU
		{3D54992F-E337-445D-9B54-D6162D605211}.Debug|x86.Deploy.0 = Debug|Any CPU
		{3D54992F-E337-445D-9B54-D6162D605211}.Release|Any CPU.ActiveCfg = Release|Any CPU
		{3D54992F-E337-445D-9B54-D6162D605211}.Release|Any CPU.Build.0 = Release|Any CPU
		{3D54992F-E337-445D-9B54-D6162D605211}.Release|Any CPU.Deploy.0 = Release|Any CPU
		{3D54992F-E337-445D-9B54-D6162D605211}.Release|ARM.ActiveCfg = Release|Any CPU
		{3D54992F-E337-445D-9B54-D6162D605211}.Release|ARM.Build.0 = Release|Any CPU
		{3D54992F-E337-445D-9B54-D6162D605211}.Release|ARM.Deploy.0 = Release|Any CPU
		{3D54992F-E337-445D-9B54-D6162D605211}.Release|iPhone.ActiveCfg = Release|Any CPU
		{3D54992F-E337-445D-9B54-D6162D605211}.Release|iPhone.Build.0 = Release|Any CPU
		{3D54992F-E337-445D-9B54-D6162D605211}.Release|iPhone.Deploy.0 = Release|Any CPU
		{3D54992F-E337-445D-9B54-D6162D605211}.Release|iPhoneSimulator.ActiveCfg = Release|Any CPU
		{3D54992F-E337-445D-9B54-D6162D605211}.Release|iPhoneSimulator.Build.0 = Release|Any CPU
		{3D54992F-E337-445D-9B54-D6162D605211}.Release|iPhoneSimulator.Deploy.0 = Release|Any CPU
		{3D54992F-E337-445D-9B54-D6162D605211}.Release|x64.ActiveCfg = Release|Any CPU
		{3D54992F-E337-445D-9B54-D6162D605211}.Release|x64.Build.0 = Release|Any CPU
		{3D54992F-E337-445D-9B54-D6162D605211}.Release|x64.Deploy.0 = Release|Any CPU
		{3D54992F-E337-445D-9B54-D6162D605211}.Release|x86.ActiveCfg = Release|Any CPU
		{3D54992F-E337-445D-9B54-D6162D605211}.Release|x86.Build.0 = Release|Any CPU
		{3D54992F-E337-445D-9B54-D6162D605211}.Release|x86.Deploy.0 = Release|Any CPU
	EndGlobalSection
	GlobalSection(SolutionProperties) = preSolution
		HideSolutionNode = FALSE
	EndGlobalSection
	GlobalSection(ExtensibilityGlobals) = postSolution
		SolutionGuid = {DD1B6880-4EE1-4F56-AF0C-2883437267F8}
	EndGlobalSection
EndGlobal
